
Microsoft Visual Studio Solution File, Format Version 12.00
# Visual Studio Version 16
VisualStudioVersion = 16.0.30011.22
MinimumVisualStudioVersion = 10.0.40219.1
Project("{9A19103F-16F7-4668-BE54-9A1E7A4F7556}") = "ZS.DotNet.Tutorial.API", "ZS.DotNet.Tutorial.API\ZS.DotNet.Tutorial.API.csproj", "{0B39A9CC-707C-46B7-B027-9E0B82E3AEF1}"
EndProject
Project("{2150E333-8FDC-42A3-9474-1A3956D46DE8}") = "ZS.DotNet.Tutorial.Hosts", "ZS.DotNet.Tutorial.Hosts", "{6D0A96CB-C506-4E51-A186-35EC13CB9D29}"
EndProject
Project("{9A19103F-16F7-4668-BE54-9A1E7A4F7556}") = "ZS.DotNet.Tutorial.Domain", "ZS.DotNet.Tutorial.Domain\ZS.DotNet.Tutorial.Domain.csproj", "{722FF3F5-B000-4500-9149-C1794B4B67F1}"
EndProject
Project("{9A19103F-16F7-4668-BE54-9A1E7A4F7556}") = "ZS.DotNet.Tutorial.Data", "ZS.DotNet.Tutorial.Data\ZS.DotNet.Tutorial.Data.csproj", "{B9C8CBC6-17DA-42B0-991E-F522FFC8DA52}"
EndProject
Project("{9A19103F-16F7-4668-BE54-9A1E7A4F7556}") = "ZS.DotNet.Tutorial.Model", "ZS.DotNet.Tutorial.Model\ZS.DotNet.Tutorial.Model.csproj", "{74A2E998-6FC2-4F64-97CF-FDC6CC1AC946}"
EndProject
Project("{9A19103F-16F7-4668-BE54-9A1E7A4F7556}") = "ZS.DotNet.Tutorial.Hosts.Local", "ZS.DotNet.Tutorial.Hosts.Local\ZS.DotNet.Tutorial.Hosts.Local.csproj", "{3DF6701B-CDC5-4C49-94DF-1D96F9A45DB5}"
EndProject
Global
	GlobalSection(SolutionConfigurationPlatforms) = preSolution
		as-18918|Any CPU = as-18918|Any CPU
		as-18918|x64 = as-18918|x64
		as-18918|x86 = as-18918|x86
		Debug|Any CPU = Debug|Any CPU
		Debug|x64 = Debug|x64
		Debug|x86 = Debug|x86
		Debug-ab16191|Any CPU = Debug-ab16191|Any CPU
		Debug-ab16191|x64 = Debug-ab16191|x64
		Debug-ab16191|x86 = Debug-ab16191|x86
		Debug-ag16654|Any CPU = Debug-ag16654|Any CPU
		Debug-ag16654|x64 = Debug-ag16654|x64
		Debug-ag16654|x86 = Debug-ag16654|x86
		Debug-as18918|Any CPU = Debug-as18918|Any CPU
		Debug-as18918|x64 = Debug-as18918|x64
		Debug-as18918|x86 = Debug-as18918|x86
		Debug-gj17809|Any CPU = Debug-gj17809|Any CPU
		Debug-gj17809|x64 = Debug-gj17809|x64
		Debug-gj17809|x86 = Debug-gj17809|x86
		Debug-kk21607|Any CPU = Debug-kk21607|Any CPU
		Debug-kk21607|x64 = Debug-kk21607|x64
		Debug-kk21607|x86 = Debug-kk21607|x86
		Debug-mg6929|Any CPU = Debug-mg6929|Any CPU
		Debug-mg6929|x64 = Debug-mg6929|x64
		Debug-mg6929|x86 = Debug-mg6929|x86
		Debug-nj11574|Any CPU = Debug-nj11574|Any CPU
		Debug-nj11574|x64 = Debug-nj11574|x64
		Debug-nj11574|x86 = Debug-nj11574|x86
		Debug-nk18542|Any CPU = Debug-nk18542|Any CPU
		Debug-nk18542|x64 = Debug-nk18542|x64
		Debug-nk18542|x86 = Debug-nk18542|x86
		Debug-pd18269|Any CPU = Debug-pd18269|Any CPU
		Debug-pd18269|x64 = Debug-pd18269|x64
		Debug-pd18269|x86 = Debug-pd18269|x86
		Debug-tk16042|Any CPU = Debug-tk16042|Any CPU
		Debug-tk16042|x64 = Debug-tk16042|x64
		Debug-tk16042|x86 = Debug-tk16042|x86
		Debug-vv6847|Any CPU = Debug-vv6847|Any CPU
		Debug-vv6847|x64 = Debug-vv6847|x64
		Debug-vv6847|x86 = Debug-vv6847|x86
		Release|Any CPU = Release|Any CPU
		Release|x64 = Release|x64
		Release|x86 = Release|x86
	EndGlobalSection
	GlobalSection(ProjectConfigurationPlatforms) = postSolution
		{0B39A9CC-707C-46B7-B027-9E0B82E3AEF1}.as-18918|Any CPU.ActiveCfg = Release|Any CPU
		{0B39A9CC-707C-46B7-B027-9E0B82E3AEF1}.as-18918|Any CPU.Build.0 = Release|Any CPU
		{0B39A9CC-707C-46B7-B027-9E0B82E3AEF1}.as-18918|x64.ActiveCfg = Release|Any CPU
		{0B39A9CC-707C-46B7-B027-9E0B82E3AEF1}.as-18918|x64.Build.0 = Release|Any CPU
		{0B39A9CC-707C-46B7-B027-9E0B82E3AEF1}.as-18918|x86.ActiveCfg = Release|Any CPU
		{0B39A9CC-707C-46B7-B027-9E0B82E3AEF1}.as-18918|x86.Build.0 = Release|Any CPU
		{0B39A9CC-707C-46B7-B027-9E0B82E3AEF1}.Debug|Any CPU.ActiveCfg = Debug|Any CPU
		{0B39A9CC-707C-46B7-B027-9E0B82E3AEF1}.Debug|Any CPU.Build.0 = Debug|Any CPU
		{0B39A9CC-707C-46B7-B027-9E0B82E3AEF1}.Debug|x64.ActiveCfg = Debug|Any CPU
		{0B39A9CC-707C-46B7-B027-9E0B82E3AEF1}.Debug|x64.Build.0 = Debug|Any CPU
		{0B39A9CC-707C-46B7-B027-9E0B82E3AEF1}.Debug|x86.ActiveCfg = Debug|Any CPU
		{0B39A9CC-707C-46B7-B027-9E0B82E3AEF1}.Debug|x86.Build.0 = Debug|Any CPU
		{0B39A9CC-707C-46B7-B027-9E0B82E3AEF1}.Debug-ab16191|Any CPU.ActiveCfg = Debug|Any CPU
		{0B39A9CC-707C-46B7-B027-9E0B82E3AEF1}.Debug-ab16191|Any CPU.Build.0 = Debug|Any CPU
		{0B39A9CC-707C-46B7-B027-9E0B82E3AEF1}.Debug-ab16191|x64.ActiveCfg = Debug|Any CPU
		{0B39A9CC-707C-46B7-B027-9E0B82E3AEF1}.Debug-ab16191|x64.Build.0 = Debug|Any CPU
		{0B39A9CC-707C-46B7-B027-9E0B82E3AEF1}.Debug-ab16191|x86.ActiveCfg = Debug|Any CPU
		{0B39A9CC-707C-46B7-B027-9E0B82E3AEF1}.Debug-ab16191|x86.Build.0 = Debug|Any CPU
		{0B39A9CC-707C-46B7-B027-9E0B82E3AEF1}.Debug-ag16654|Any CPU.ActiveCfg = Debug|Any CPU
		{0B39A9CC-707C-46B7-B027-9E0B82E3AEF1}.Debug-ag16654|Any CPU.Build.0 = Debug|Any CPU
		{0B39A9CC-707C-46B7-B027-9E0B82E3AEF1}.Debug-ag16654|x64.ActiveCfg = Debug|Any CPU
		{0B39A9CC-707C-46B7-B027-9E0B82E3AEF1}.Debug-ag16654|x64.Build.0 = Debug|Any CPU
		{0B39A9CC-707C-46B7-B027-9E0B82E3AEF1}.Debug-ag16654|x86.ActiveCfg = Debug|Any CPU
		{0B39A9CC-707C-46B7-B027-9E0B82E3AEF1}.Debug-ag16654|x86.Build.0 = Debug|Any CPU
		{0B39A9CC-707C-46B7-B027-9E0B82E3AEF1}.Debug-as18918|Any CPU.ActiveCfg = Debug|Any CPU
		{0B39A9CC-707C-46B7-B027-9E0B82E3AEF1}.Debug-as18918|Any CPU.Build.0 = Debug|Any CPU
		{0B39A9CC-707C-46B7-B027-9E0B82E3AEF1}.Debug-as18918|x64.ActiveCfg = Debug|Any CPU
		{0B39A9CC-707C-46B7-B027-9E0B82E3AEF1}.Debug-as18918|x64.Build.0 = Debug|Any CPU
		{0B39A9CC-707C-46B7-B027-9E0B82E3AEF1}.Debug-as18918|x86.ActiveCfg = Debug|Any CPU
		{0B39A9CC-707C-46B7-B027-9E0B82E3AEF1}.Debug-as18918|x86.Build.0 = Debug|Any CPU
		{0B39A9CC-707C-46B7-B027-9E0B82E3AEF1}.Debug-gj17809|Any CPU.ActiveCfg = Debug|Any CPU
		{0B39A9CC-707C-46B7-B027-9E0B82E3AEF1}.Debug-gj17809|Any CPU.Build.0 = Debug|Any CPU
		{0B39A9CC-707C-46B7-B027-9E0B82E3AEF1}.Debug-gj17809|x64.ActiveCfg = Debug|Any CPU
		{0B39A9CC-707C-46B7-B027-9E0B82E3AEF1}.Debug-gj17809|x64.Build.0 = Debug|Any CPU
		{0B39A9CC-707C-46B7-B027-9E0B82E3AEF1}.Debug-gj17809|x86.ActiveCfg = Debug|Any CPU
		{0B39A9CC-707C-46B7-B027-9E0B82E3AEF1}.Debug-gj17809|x86.Build.0 = Debug|Any CPU
		{0B39A9CC-707C-46B7-B027-9E0B82E3AEF1}.Debug-kk21607|Any CPU.ActiveCfg = Debug|Any CPU
		{0B39A9CC-707C-46B7-B027-9E0B82E3AEF1}.Debug-kk21607|Any CPU.Build.0 = Debug|Any CPU
		{0B39A9CC-707C-46B7-B027-9E0B82E3AEF1}.Debug-kk21607|x64.ActiveCfg = Debug|Any CPU
		{0B39A9CC-707C-46B7-B027-9E0B82E3AEF1}.Debug-kk21607|x64.Build.0 = Debug|Any CPU
		{0B39A9CC-707C-46B7-B027-9E0B82E3AEF1}.Debug-kk21607|x86.ActiveCfg = Debug|Any CPU
		{0B39A9CC-707C-46B7-B027-9E0B82E3AEF1}.Debug-kk21607|x86.Build.0 = Debug|Any CPU
		{0B39A9CC-707C-46B7-B027-9E0B82E3AEF1}.Debug-mg6929|Any CPU.ActiveCfg = Debug|Any CPU
		{0B39A9CC-707C-46B7-B027-9E0B82E3AEF1}.Debug-mg6929|Any CPU.Build.0 = Debug|Any CPU
		{0B39A9CC-707C-46B7-B027-9E0B82E3AEF1}.Debug-mg6929|x64.ActiveCfg = Debug|Any CPU
		{0B39A9CC-707C-46B7-B027-9E0B82E3AEF1}.Debug-mg6929|x64.Build.0 = Debug|Any CPU
		{0B39A9CC-707C-46B7-B027-9E0B82E3AEF1}.Debug-mg6929|x86.ActiveCfg = Debug|Any CPU
		{0B39A9CC-707C-46B7-B027-9E0B82E3AEF1}.Debug-mg6929|x86.Build.0 = Debug|Any CPU
		{0B39A9CC-707C-46B7-B027-9E0B82E3AEF1}.Debug-nj11574|Any CPU.ActiveCfg = Debug|Any CPU
		{0B39A9CC-707C-46B7-B027-9E0B82E3AEF1}.Debug-nj11574|Any CPU.Build.0 = Debug|Any CPU
		{0B39A9CC-707C-46B7-B027-9E0B82E3AEF1}.Debug-nj11574|x64.ActiveCfg = Debug|Any CPU
		{0B39A9CC-707C-46B7-B027-9E0B82E3AEF1}.Debug-nj11574|x64.Build.0 = Debug|Any CPU
		{0B39A9CC-707C-46B7-B027-9E0B82E3AEF1}.Debug-nj11574|x86.ActiveCfg = Debug|Any CPU
		{0B39A9CC-707C-46B7-B027-9E0B82E3AEF1}.Debug-nj11574|x86.Build.0 = Debug|Any CPU
		{0B39A9CC-707C-46B7-B027-9E0B82E3AEF1}.Debug-nk18542|Any CPU.ActiveCfg = Debug|Any CPU
		{0B39A9CC-707C-46B7-B027-9E0B82E3AEF1}.Debug-nk18542|Any CPU.Build.0 = Debug|Any CPU
		{0B39A9CC-707C-46B7-B027-9E0B82E3AEF1}.Debug-nk18542|x64.ActiveCfg = Debug|Any CPU
		{0B39A9CC-707C-46B7-B027-9E0B82E3AEF1}.Debug-nk18542|x64.Build.0 = Debug|Any CPU
		{0B39A9CC-707C-46B7-B027-9E0B82E3AEF1}.Debug-nk18542|x86.ActiveCfg = Debug|Any CPU
		{0B39A9CC-707C-46B7-B027-9E0B82E3AEF1}.Debug-nk18542|x86.Build.0 = Debug|Any CPU
		{0B39A9CC-707C-46B7-B027-9E0B82E3AEF1}.Debug-pd18269|Any CPU.ActiveCfg = Debug|Any CPU
		{0B39A9CC-707C-46B7-B027-9E0B82E3AEF1}.Debug-pd18269|Any CPU.Build.0 = Debug|Any CPU
		{0B39A9CC-707C-46B7-B027-9E0B82E3AEF1}.Debug-pd18269|x64.ActiveCfg = Debug|Any CPU
		{0B39A9CC-707C-46B7-B027-9E0B82E3AEF1}.Debug-pd18269|x64.Build.0 = Debug|Any CPU
		{0B39A9CC-707C-46B7-B027-9E0B82E3AEF1}.Debug-pd18269|x86.ActiveCfg = Debug|Any CPU
		{0B39A9CC-707C-46B7-B027-9E0B82E3AEF1}.Debug-pd18269|x86.Build.0 = Debug|Any CPU
		{0B39A9CC-707C-46B7-B027-9E0B82E3AEF1}.Debug-tk16042|Any CPU.ActiveCfg = Debug|Any CPU
		{0B39A9CC-707C-46B7-B027-9E0B82E3AEF1}.Debug-tk16042|Any CPU.Build.0 = Debug|Any CPU
		{0B39A9CC-707C-46B7-B027-9E0B82E3AEF1}.Debug-tk16042|x64.ActiveCfg = Debug|Any CPU
		{0B39A9CC-707C-46B7-B027-9E0B82E3AEF1}.Debug-tk16042|x64.Build.0 = Debug|Any CPU
		{0B39A9CC-707C-46B7-B027-9E0B82E3AEF1}.Debug-tk16042|x86.ActiveCfg = Debug|Any CPU
		{0B39A9CC-707C-46B7-B027-9E0B82E3AEF1}.Debug-tk16042|x86.Build.0 = Debug|Any CPU
		{0B39A9CC-707C-46B7-B027-9E0B82E3AEF1}.Debug-vv6847|Any CPU.ActiveCfg = Debug|Any CPU
		{0B39A9CC-707C-46B7-B027-9E0B82E3AEF1}.Debug-vv6847|Any CPU.Build.0 = Debug|Any CPU
		{0B39A9CC-707C-46B7-B027-9E0B82E3AEF1}.Debug-vv6847|x64.ActiveCfg = Debug|Any CPU
		{0B39A9CC-707C-46B7-B027-9E0B82E3AEF1}.Debug-vv6847|x64.Build.0 = Debug|Any CPU
		{0B39A9CC-707C-46B7-B027-9E0B82E3AEF1}.Debug-vv6847|x86.ActiveCfg = Debug|Any CPU
		{0B39A9CC-707C-46B7-B027-9E0B82E3AEF1}.Debug-vv6847|x86.Build.0 = Debug|Any CPU
		{0B39A9CC-707C-46B7-B027-9E0B82E3AEF1}.Release|Any CPU.ActiveCfg = Release|Any CPU
		{0B39A9CC-707C-46B7-B027-9E0B82E3AEF1}.Release|Any CPU.Build.0 = Release|Any CPU
		{0B39A9CC-707C-46B7-B027-9E0B82E3AEF1}.Release|x64.ActiveCfg = Release|Any CPU
		{0B39A9CC-707C-46B7-B027-9E0B82E3AEF1}.Release|x64.Build.0 = Release|Any CPU
		{0B39A9CC-707C-46B7-B027-9E0B82E3AEF1}.Release|x86.ActiveCfg = Release|Any CPU
		{0B39A9CC-707C-46B7-B027-9E0B82E3AEF1}.Release|x86.Build.0 = Release|Any CPU
		{722FF3F5-B000-4500-9149-C1794B4B67F1}.as-18918|Any CPU.ActiveCfg = Debug-vv6847|Any CPU
		{722FF3F5-B000-4500-9149-C1794B4B67F1}.as-18918|Any CPU.Build.0 = Debug-vv6847|Any CPU
		{722FF3F5-B000-4500-9149-C1794B4B67F1}.as-18918|x64.ActiveCfg = Release|x64
		{722FF3F5-B000-4500-9149-C1794B4B67F1}.as-18918|x64.Build.0 = Release|x64
		{722FF3F5-B000-4500-9149-C1794B4B67F1}.as-18918|x86.ActiveCfg = Release|x86
		{722FF3F5-B000-4500-9149-C1794B4B67F1}.as-18918|x86.Build.0 = Release|x86
		{722FF3F5-B000-4500-9149-C1794B4B67F1}.Debug|Any CPU.ActiveCfg = Debug|Any CPU
		{722FF3F5-B000-4500-9149-C1794B4B67F1}.Debug|Any CPU.Build.0 = Debug|Any CPU
		{722FF3F5-B000-4500-9149-C1794B4B67F1}.Debug|x64.ActiveCfg = Debug|x64
		{722FF3F5-B000-4500-9149-C1794B4B67F1}.Debug|x64.Build.0 = Debug|x64
		{722FF3F5-B000-4500-9149-C1794B4B67F1}.Debug|x86.ActiveCfg = Debug|x86
		{722FF3F5-B000-4500-9149-C1794B4B67F1}.Debug|x86.Build.0 = Debug|x86
		{722FF3F5-B000-4500-9149-C1794B4B67F1}.Debug-ab16191|Any CPU.ActiveCfg = Debug-ag16654|Any CPU
		{722FF3F5-B000-4500-9149-C1794B4B67F1}.Debug-ab16191|Any CPU.Build.0 = Debug-ag16654|Any CPU
		{722FF3F5-B000-4500-9149-C1794B4B67F1}.Debug-ab16191|x64.ActiveCfg = Debug-ag16654|x64
		{722FF3F5-B000-4500-9149-C1794B4B67F1}.Debug-ab16191|x64.Build.0 = Debug-ag16654|x64
		{722FF3F5-B000-4500-9149-C1794B4B67F1}.Debug-ab16191|x86.ActiveCfg = Debug-ag16654|x86
		{722FF3F5-B000-4500-9149-C1794B4B67F1}.Debug-ab16191|x86.Build.0 = Debug-ag16654|x86
		{722FF3F5-B000-4500-9149-C1794B4B67F1}.Debug-ag16654|Any CPU.ActiveCfg = Debug-ag16654|Any CPU
		{722FF3F5-B000-4500-9149-C1794B4B67F1}.Debug-ag16654|Any CPU.Build.0 = Debug-ag16654|Any CPU
		{722FF3F5-B000-4500-9149-C1794B4B67F1}.Debug-ag16654|x64.ActiveCfg = Debug-ag16654|x64
		{722FF3F5-B000-4500-9149-C1794B4B67F1}.Debug-ag16654|x64.Build.0 = Debug-ag16654|x64
		{722FF3F5-B000-4500-9149-C1794B4B67F1}.Debug-ag16654|x86.ActiveCfg = Debug-ag16654|x86
		{722FF3F5-B000-4500-9149-C1794B4B67F1}.Debug-ag16654|x86.Build.0 = Debug-ag16654|x86
		{722FF3F5-B000-4500-9149-C1794B4B67F1}.Debug-as18918|Any CPU.ActiveCfg = Debug-ag16654|Any CPU
		{722FF3F5-B000-4500-9149-C1794B4B67F1}.Debug-as18918|Any CPU.Build.0 = Debug-ag16654|Any CPU
		{722FF3F5-B000-4500-9149-C1794B4B67F1}.Debug-as18918|x64.ActiveCfg = Debug-ag16654|x64
		{722FF3F5-B000-4500-9149-C1794B4B67F1}.Debug-as18918|x64.Build.0 = Debug-ag16654|x64
		{722FF3F5-B000-4500-9149-C1794B4B67F1}.Debug-as18918|x86.ActiveCfg = Debug-ag16654|x86
		{722FF3F5-B000-4500-9149-C1794B4B67F1}.Debug-as18918|x86.Build.0 = Debug-ag16654|x86
		{722FF3F5-B000-4500-9149-C1794B4B67F1}.Debug-gj17809|Any CPU.ActiveCfg = Debug-vv6847|Any CPU
		{722FF3F5-B000-4500-9149-C1794B4B67F1}.Debug-gj17809|Any CPU.Build.0 = Debug-vv6847|Any CPU
		{722FF3F5-B000-4500-9149-C1794B4B67F1}.Debug-gj17809|x64.ActiveCfg = Debug-vv6847|x64
		{722FF3F5-B000-4500-9149-C1794B4B67F1}.Debug-gj17809|x64.Build.0 = Debug-vv6847|x64
		{722FF3F5-B000-4500-9149-C1794B4B67F1}.Debug-gj17809|x86.ActiveCfg = Debug-vv6847|x86
		{722FF3F5-B000-4500-9149-C1794B4B67F1}.Debug-gj17809|x86.Build.0 = Debug-vv6847|x86
		{722FF3F5-B000-4500-9149-C1794B4B67F1}.Debug-kk21607|Any CPU.ActiveCfg = Debug-vv6847|Any CPU
		{722FF3F5-B000-4500-9149-C1794B4B67F1}.Debug-kk21607|Any CPU.Build.0 = Debug-vv6847|Any CPU
		{722FF3F5-B000-4500-9149-C1794B4B67F1}.Debug-kk21607|x64.ActiveCfg = Debug-vv6847|x64
		{722FF3F5-B000-4500-9149-C1794B4B67F1}.Debug-kk21607|x64.Build.0 = Debug-vv6847|x64
		{722FF3F5-B000-4500-9149-C1794B4B67F1}.Debug-kk21607|x86.ActiveCfg = Debug-vv6847|x86
		{722FF3F5-B000-4500-9149-C1794B4B67F1}.Debug-kk21607|x86.Build.0 = Debug-vv6847|x86
		{722FF3F5-B000-4500-9149-C1794B4B67F1}.Debug-mg6929|Any CPU.ActiveCfg = Debug-vv6847|Any CPU
		{722FF3F5-B000-4500-9149-C1794B4B67F1}.Debug-mg6929|Any CPU.Build.0 = Debug-vv6847|Any CPU
		{722FF3F5-B000-4500-9149-C1794B4B67F1}.Debug-mg6929|x64.ActiveCfg = Debug-vv6847|x64
		{722FF3F5-B000-4500-9149-C1794B4B67F1}.Debug-mg6929|x64.Build.0 = Debug-vv6847|x64
		{722FF3F5-B000-4500-9149-C1794B4B67F1}.Debug-mg6929|x86.ActiveCfg = Debug-vv6847|x86
		{722FF3F5-B000-4500-9149-C1794B4B67F1}.Debug-mg6929|x86.Build.0 = Debug-vv6847|x86
		{722FF3F5-B000-4500-9149-C1794B4B67F1}.Debug-nj11574|Any CPU.ActiveCfg = Debug-vv6847|Any CPU
		{722FF3F5-B000-4500-9149-C1794B4B67F1}.Debug-nj11574|Any CPU.Build.0 = Debug-vv6847|Any CPU
		{722FF3F5-B000-4500-9149-C1794B4B67F1}.Debug-nj11574|x64.ActiveCfg = Debug-vv6847|x64
		{722FF3F5-B000-4500-9149-C1794B4B67F1}.Debug-nj11574|x64.Build.0 = Debug-vv6847|x64
		{722FF3F5-B000-4500-9149-C1794B4B67F1}.Debug-nj11574|x86.ActiveCfg = Debug-vv6847|x86
		{722FF3F5-B000-4500-9149-C1794B4B67F1}.Debug-nj11574|x86.Build.0 = Debug-vv6847|x86
		{722FF3F5-B000-4500-9149-C1794B4B67F1}.Debug-nk18542|Any CPU.ActiveCfg = Debug-vv6847|Any CPU
		{722FF3F5-B000-4500-9149-C1794B4B67F1}.Debug-nk18542|Any CPU.Build.0 = Debug-vv6847|Any CPU
		{722FF3F5-B000-4500-9149-C1794B4B67F1}.Debug-nk18542|x64.ActiveCfg = Debug-vv6847|x64
		{722FF3F5-B000-4500-9149-C1794B4B67F1}.Debug-nk18542|x64.Build.0 = Debug-vv6847|x64
		{722FF3F5-B000-4500-9149-C1794B4B67F1}.Debug-nk18542|x86.ActiveCfg = Debug-vv6847|x86
		{722FF3F5-B000-4500-9149-C1794B4B67F1}.Debug-nk18542|x86.Build.0 = Debug-vv6847|x86
		{722FF3F5-B000-4500-9149-C1794B4B67F1}.Debug-pd18269|Any CPU.ActiveCfg = Debug-vv6847|Any CPU
		{722FF3F5-B000-4500-9149-C1794B4B67F1}.Debug-pd18269|Any CPU.Build.0 = Debug-vv6847|Any CPU
		{722FF3F5-B000-4500-9149-C1794B4B67F1}.Debug-pd18269|x64.ActiveCfg = Debug-vv6847|x64
		{722FF3F5-B000-4500-9149-C1794B4B67F1}.Debug-pd18269|x64.Build.0 = Debug-vv6847|x64
		{722FF3F5-B000-4500-9149-C1794B4B67F1}.Debug-pd18269|x86.ActiveCfg = Debug-vv6847|x86
		{722FF3F5-B000-4500-9149-C1794B4B67F1}.Debug-pd18269|x86.Build.0 = Debug-vv6847|x86
		{722FF3F5-B000-4500-9149-C1794B4B67F1}.Debug-tk16042|Any CPU.ActiveCfg = Debug-vv6847|Any CPU
		{722FF3F5-B000-4500-9149-C1794B4B67F1}.Debug-tk16042|Any CPU.Build.0 = Debug-vv6847|Any CPU
		{722FF3F5-B000-4500-9149-C1794B4B67F1}.Debug-tk16042|x64.ActiveCfg = Debug-vv6847|x64
		{722FF3F5-B000-4500-9149-C1794B4B67F1}.Debug-tk16042|x64.Build.0 = Debug-vv6847|x64
		{722FF3F5-B000-4500-9149-C1794B4B67F1}.Debug-tk16042|x86.ActiveCfg = Debug-vv6847|x86
		{722FF3F5-B000-4500-9149-C1794B4B67F1}.Debug-tk16042|x86.Build.0 = Debug-vv6847|x86
		{722FF3F5-B000-4500-9149-C1794B4B67F1}.Debug-vv6847|Any CPU.ActiveCfg = Debug-vv6847|Any CPU
		{722FF3F5-B000-4500-9149-C1794B4B67F1}.Debug-vv6847|Any CPU.Build.0 = Debug-vv6847|Any CPU
		{722FF3F5-B000-4500-9149-C1794B4B67F1}.Debug-vv6847|x64.ActiveCfg = Debug-vv6847|x64
		{722FF3F5-B000-4500-9149-C1794B4B67F1}.Debug-vv6847|x64.Build.0 = Debug-vv6847|x64
		{722FF3F5-B000-4500-9149-C1794B4B67F1}.Debug-vv6847|x86.ActiveCfg = Debug-vv6847|x86
		{722FF3F5-B000-4500-9149-C1794B4B67F1}.Debug-vv6847|x86.Build.0 = Debug-vv6847|x86
		{722FF3F5-B000-4500-9149-C1794B4B67F1}.Release|Any CPU.ActiveCfg = Release|Any CPU
		{722FF3F5-B000-4500-9149-C1794B4B67F1}.Release|Any CPU.Build.0 = Release|Any CPU
		{722FF3F5-B000-4500-9149-C1794B4B67F1}.Release|x64.ActiveCfg = Release|x64
		{722FF3F5-B000-4500-9149-C1794B4B67F1}.Release|x64.Build.0 = Release|x64
		{722FF3F5-B000-4500-9149-C1794B4B67F1}.Release|x86.ActiveCfg = Release|x86
		{722FF3F5-B000-4500-9149-C1794B4B67F1}.Release|x86.Build.0 = Release|x86
		{B9C8CBC6-17DA-42B0-991E-F522FFC8DA52}.as-18918|Any CPU.ActiveCfg = Debug-vv6847|Any CPU
		{B9C8CBC6-17DA-42B0-991E-F522FFC8DA52}.as-18918|Any CPU.Build.0 = Debug-vv6847|Any CPU
		{B9C8CBC6-17DA-42B0-991E-F522FFC8DA52}.as-18918|x64.ActiveCfg = Release|x64
		{B9C8CBC6-17DA-42B0-991E-F522FFC8DA52}.as-18918|x64.Build.0 = Release|x64
		{B9C8CBC6-17DA-42B0-991E-F522FFC8DA52}.as-18918|x86.ActiveCfg = Release|x86
		{B9C8CBC6-17DA-42B0-991E-F522FFC8DA52}.as-18918|x86.Build.0 = Release|x86
		{B9C8CBC6-17DA-42B0-991E-F522FFC8DA52}.Debug|Any CPU.ActiveCfg = Debug|Any CPU
		{B9C8CBC6-17DA-42B0-991E-F522FFC8DA52}.Debug|Any CPU.Build.0 = Debug|Any CPU
		{B9C8CBC6-17DA-42B0-991E-F522FFC8DA52}.Debug|x64.ActiveCfg = Debug|x64
		{B9C8CBC6-17DA-42B0-991E-F522FFC8DA52}.Debug|x64.Build.0 = Debug|x64
		{B9C8CBC6-17DA-42B0-991E-F522FFC8DA52}.Debug|x86.ActiveCfg = Debug|x86
		{B9C8CBC6-17DA-42B0-991E-F522FFC8DA52}.Debug|x86.Build.0 = Debug|x86
		{B9C8CBC6-17DA-42B0-991E-F522FFC8DA52}.Debug-ab16191|Any CPU.ActiveCfg = Debug-ag16654|Any CPU
		{B9C8CBC6-17DA-42B0-991E-F522FFC8DA52}.Debug-ab16191|Any CPU.Build.0 = Debug-ag16654|Any CPU
		{B9C8CBC6-17DA-42B0-991E-F522FFC8DA52}.Debug-ab16191|x64.ActiveCfg = Debug-ag16654|x64
		{B9C8CBC6-17DA-42B0-991E-F522FFC8DA52}.Debug-ab16191|x64.Build.0 = Debug-ag16654|x64
		{B9C8CBC6-17DA-42B0-991E-F522FFC8DA52}.Debug-ab16191|x86.ActiveCfg = Debug-ag16654|x86
		{B9C8CBC6-17DA-42B0-991E-F522FFC8DA52}.Debug-ab16191|x86.Build.0 = Debug-ag16654|x86
		{B9C8CBC6-17DA-42B0-991E-F522FFC8DA52}.Debug-ag16654|Any CPU.ActiveCfg = Debug-ag16654|Any CPU
		{B9C8CBC6-17DA-42B0-991E-F522FFC8DA52}.Debug-ag16654|Any CPU.Build.0 = Debug-ag16654|Any CPU
		{B9C8CBC6-17DA-42B0-991E-F522FFC8DA52}.Debug-ag16654|x64.ActiveCfg = Debug-ag16654|x64
		{B9C8CBC6-17DA-42B0-991E-F522FFC8DA52}.Debug-ag16654|x64.Build.0 = Debug-ag16654|x64
		{B9C8CBC6-17DA-42B0-991E-F522FFC8DA52}.Debug-ag16654|x86.ActiveCfg = Debug-ag16654|x86
		{B9C8CBC6-17DA-42B0-991E-F522FFC8DA52}.Debug-ag16654|x86.Build.0 = Debug-ag16654|x86
		{B9C8CBC6-17DA-42B0-991E-F522FFC8DA52}.Debug-as18918|Any CPU.ActiveCfg = Debug-ag16654|Any CPU
		{B9C8CBC6-17DA-42B0-991E-F522FFC8DA52}.Debug-as18918|Any CPU.Build.0 = Debug-ag16654|Any CPU
		{B9C8CBC6-17DA-42B0-991E-F522FFC8DA52}.Debug-as18918|x64.ActiveCfg = Debug-ag16654|x64
		{B9C8CBC6-17DA-42B0-991E-F522FFC8DA52}.Debug-as18918|x64.Build.0 = Debug-ag16654|x64
		{B9C8CBC6-17DA-42B0-991E-F522FFC8DA52}.Debug-as18918|x86.ActiveCfg = Debug-ag16654|x86
		{B9C8CBC6-17DA-42B0-991E-F522FFC8DA52}.Debug-as18918|x86.Build.0 = Debug-ag16654|x86
		{B9C8CBC6-17DA-42B0-991E-F522FFC8DA52}.Debug-gj17809|Any CPU.ActiveCfg = Debug-vv6847|Any CPU
		{B9C8CBC6-17DA-42B0-991E-F522FFC8DA52}.Debug-gj17809|Any CPU.Build.0 = Debug-vv6847|Any CPU
		{B9C8CBC6-17DA-42B0-991E-F522FFC8DA52}.Debug-gj17809|x64.ActiveCfg = Debug-vv6847|x64
		{B9C8CBC6-17DA-42B0-991E-F522FFC8DA52}.Debug-gj17809|x64.Build.0 = Debug-vv6847|x64
		{B9C8CBC6-17DA-42B0-991E-F522FFC8DA52}.Debug-gj17809|x86.ActiveCfg = Debug-vv6847|x86
		{B9C8CBC6-17DA-42B0-991E-F522FFC8DA52}.Debug-gj17809|x86.Build.0 = Debug-vv6847|x86
		{B9C8CBC6-17DA-42B0-991E-F522FFC8DA52}.Debug-kk21607|Any CPU.ActiveCfg = Debug-vv6847|Any CPU
		{B9C8CBC6-17DA-42B0-991E-F522FFC8DA52}.Debug-kk21607|Any CPU.Build.0 = Debug-vv6847|Any CPU
		{B9C8CBC6-17DA-42B0-991E-F522FFC8DA52}.Debug-kk21607|x64.ActiveCfg = Debug-vv6847|x64
		{B9C8CBC6-17DA-42B0-991E-F522FFC8DA52}.Debug-kk21607|x64.Build.0 = Debug-vv6847|x64
		{B9C8CBC6-17DA-42B0-991E-F522FFC8DA52}.Debug-kk21607|x86.ActiveCfg = Debug-vv6847|x86
		{B9C8CBC6-17DA-42B0-991E-F522FFC8DA52}.Debug-kk21607|x86.Build.0 = Debug-vv6847|x86
		{B9C8CBC6-17DA-42B0-991E-F522FFC8DA52}.Debug-mg6929|Any CPU.ActiveCfg = Debug-vv6847|Any CPU
		{B9C8CBC6-17DA-42B0-991E-F522FFC8DA52}.Debug-mg6929|Any CPU.Build.0 = Debug-vv6847|Any CPU
		{B9C8CBC6-17DA-42B0-991E-F522FFC8DA52}.Debug-mg6929|x64.ActiveCfg = Debug-vv6847|x64
		{B9C8CBC6-17DA-42B0-991E-F522FFC8DA52}.Debug-mg6929|x64.Build.0 = Debug-vv6847|x64
		{B9C8CBC6-17DA-42B0-991E-F522FFC8DA52}.Debug-mg6929|x86.ActiveCfg = Debug-vv6847|x86
		{B9C8CBC6-17DA-42B0-991E-F522FFC8DA52}.Debug-mg6929|x86.Build.0 = Debug-vv6847|x86
		{B9C8CBC6-17DA-42B0-991E-F522FFC8DA52}.Debug-nj11574|Any CPU.ActiveCfg = Debug-vv6847|Any CPU
		{B9C8CBC6-17DA-42B0-991E-F522FFC8DA52}.Debug-nj11574|Any CPU.Build.0 = Debug-vv6847|Any CPU
		{B9C8CBC6-17DA-42B0-991E-F522FFC8DA52}.Debug-nj11574|x64.ActiveCfg = Debug-vv6847|x64
		{B9C8CBC6-17DA-42B0-991E-F522FFC8DA52}.Debug-nj11574|x64.Build.0 = Debug-vv6847|x64
		{B9C8CBC6-17DA-42B0-991E-F522FFC8DA52}.Debug-nj11574|x86.ActiveCfg = Debug-vv6847|x86
		{B9C8CBC6-17DA-42B0-991E-F522FFC8DA52}.Debug-nj11574|x86.Build.0 = Debug-vv6847|x86
		{B9C8CBC6-17DA-42B0-991E-F522FFC8DA52}.Debug-nk18542|Any CPU.ActiveCfg = Debug-vv6847|Any CPU
		{B9C8CBC6-17DA-42B0-991E-F522FFC8DA52}.Debug-nk18542|Any CPU.Build.0 = Debug-vv6847|Any CPU
		{B9C8CBC6-17DA-42B0-991E-F522FFC8DA52}.Debug-nk18542|x64.ActiveCfg = Debug-vv6847|x64
		{B9C8CBC6-17DA-42B0-991E-F522FFC8DA52}.Debug-nk18542|x64.Build.0 = Debug-vv6847|x64
		{B9C8CBC6-17DA-42B0-991E-F522FFC8DA52}.Debug-nk18542|x86.ActiveCfg = Debug-vv6847|x86
		{B9C8CBC6-17DA-42B0-991E-F522FFC8DA52}.Debug-nk18542|x86.Build.0 = Debug-vv6847|x86
		{B9C8CBC6-17DA-42B0-991E-F522FFC8DA52}.Debug-pd18269|Any CPU.ActiveCfg = Debug-vv6847|Any CPU
		{B9C8CBC6-17DA-42B0-991E-F522FFC8DA52}.Debug-pd18269|Any CPU.Build.0 = Debug-vv6847|Any CPU
		{B9C8CBC6-17DA-42B0-991E-F522FFC8DA52}.Debug-pd18269|x64.ActiveCfg = Debug-vv6847|x64
		{B9C8CBC6-17DA-42B0-991E-F522FFC8DA52}.Debug-pd18269|x64.Build.0 = Debug-vv6847|x64
		{B9C8CBC6-17DA-42B0-991E-F522FFC8DA52}.Debug-pd18269|x86.ActiveCfg = Debug-vv6847|x86
		{B9C8CBC6-17DA-42B0-991E-F522FFC8DA52}.Debug-pd18269|x86.Build.0 = Debug-vv6847|x86
		{B9C8CBC6-17DA-42B0-991E-F522FFC8DA52}.Debug-tk16042|Any CPU.ActiveCfg = Debug-vv6847|Any CPU
		{B9C8CBC6-17DA-42B0-991E-F522FFC8DA52}.Debug-tk16042|Any CPU.Build.0 = Debug-vv6847|Any CPU
		{B9C8CBC6-17DA-42B0-991E-F522FFC8DA52}.Debug-tk16042|x64.ActiveCfg = Debug-vv6847|x64
		{B9C8CBC6-17DA-42B0-991E-F522FFC8DA52}.Debug-tk16042|x64.Build.0 = Debug-vv6847|x64
		{B9C8CBC6-17DA-42B0-991E-F522FFC8DA52}.Debug-tk16042|x86.ActiveCfg = Debug-vv6847|x86
		{B9C8CBC6-17DA-42B0-991E-F522FFC8DA52}.Debug-tk16042|x86.Build.0 = Debug-vv6847|x86
		{B9C8CBC6-17DA-42B0-991E-F522FFC8DA52}.Debug-vv6847|Any CPU.ActiveCfg = Debug-vv6847|Any CPU
		{B9C8CBC6-17DA-42B0-991E-F522FFC8DA52}.Debug-vv6847|Any CPU.Build.0 = Debug-vv6847|Any CPU
		{B9C8CBC6-17DA-42B0-991E-F522FFC8DA52}.Debug-vv6847|x64.ActiveCfg = Debug-vv6847|x64
		{B9C8CBC6-17DA-42B0-991E-F522FFC8DA52}.Debug-vv6847|x64.Build.0 = Debug-vv6847|x64
		{B9C8CBC6-17DA-42B0-991E-F522FFC8DA52}.Debug-vv6847|x86.ActiveCfg = Debug-vv6847|x86
		{B9C8CBC6-17DA-42B0-991E-F522FFC8DA52}.Debug-vv6847|x86.Build.0 = Debug-vv6847|x86
		{B9C8CBC6-17DA-42B0-991E-F522FFC8DA52}.Release|Any CPU.ActiveCfg = Release|Any CPU
		{B9C8CBC6-17DA-42B0-991E-F522FFC8DA52}.Release|Any CPU.Build.0 = Release|Any CPU
		{B9C8CBC6-17DA-42B0-991E-F522FFC8DA52}.Release|x64.ActiveCfg = Release|x64
		{B9C8CBC6-17DA-42B0-991E-F522FFC8DA52}.Release|x64.Build.0 = Release|x64
		{B9C8CBC6-17DA-42B0-991E-F522FFC8DA52}.Release|x86.ActiveCfg = Release|x86
		{B9C8CBC6-17DA-42B0-991E-F522FFC8DA52}.Release|x86.Build.0 = Release|x86
		{74A2E998-6FC2-4F64-97CF-FDC6CC1AC946}.as-18918|Any CPU.ActiveCfg = Debug-vv6847|Any CPU
		{74A2E998-6FC2-4F64-97CF-FDC6CC1AC946}.as-18918|Any CPU.Build.0 = Debug-vv6847|Any CPU
		{74A2E998-6FC2-4F64-97CF-FDC6CC1AC946}.as-18918|x64.ActiveCfg = Release|x64
		{74A2E998-6FC2-4F64-97CF-FDC6CC1AC946}.as-18918|x64.Build.0 = Release|x64
		{74A2E998-6FC2-4F64-97CF-FDC6CC1AC946}.as-18918|x86.ActiveCfg = Release|x86
		{74A2E998-6FC2-4F64-97CF-FDC6CC1AC946}.as-18918|x86.Build.0 = Release|x86
		{74A2E998-6FC2-4F64-97CF-FDC6CC1AC946}.Debug|Any CPU.ActiveCfg = Debug|Any CPU
		{74A2E998-6FC2-4F64-97CF-FDC6CC1AC946}.Debug|Any CPU.Build.0 = Debug|Any CPU
		{74A2E998-6FC2-4F64-97CF-FDC6CC1AC946}.Debug|x64.ActiveCfg = Debug|x64
		{74A2E998-6FC2-4F64-97CF-FDC6CC1AC946}.Debug|x64.Build.0 = Debug|x64
		{74A2E998-6FC2-4F64-97CF-FDC6CC1AC946}.Debug|x86.ActiveCfg = Debug|x86
		{74A2E998-6FC2-4F64-97CF-FDC6CC1AC946}.Debug|x86.Build.0 = Debug|x86
		{74A2E998-6FC2-4F64-97CF-FDC6CC1AC946}.Debug-ab16191|Any CPU.ActiveCfg = Debug-ag16654|Any CPU
		{74A2E998-6FC2-4F64-97CF-FDC6CC1AC946}.Debug-ab16191|Any CPU.Build.0 = Debug-ag16654|Any CPU
		{74A2E998-6FC2-4F64-97CF-FDC6CC1AC946}.Debug-ab16191|x64.ActiveCfg = Debug-ag16654|x64
		{74A2E998-6FC2-4F64-97CF-FDC6CC1AC946}.Debug-ab16191|x64.Build.0 = Debug-ag16654|x64
		{74A2E998-6FC2-4F64-97CF-FDC6CC1AC946}.Debug-ab16191|x86.ActiveCfg = Debug-ag16654|x86
		{74A2E998-6FC2-4F64-97CF-FDC6CC1AC946}.Debug-ab16191|x86.Build.0 = Debug-ag16654|x86
		{74A2E998-6FC2-4F64-97CF-FDC6CC1AC946}.Debug-ag16654|Any CPU.ActiveCfg = Debug-ag16654|Any CPU
		{74A2E998-6FC2-4F64-97CF-FDC6CC1AC946}.Debug-ag16654|Any CPU.Build.0 = Debug-ag16654|Any CPU
		{74A2E998-6FC2-4F64-97CF-FDC6CC1AC946}.Debug-ag16654|x64.ActiveCfg = Debug-ag16654|x64
		{74A2E998-6FC2-4F64-97CF-FDC6CC1AC946}.Debug-ag16654|x64.Build.0 = Debug-ag16654|x64
		{74A2E998-6FC2-4F64-97CF-FDC6CC1AC946}.Debug-ag16654|x86.ActiveCfg = Debug-ag16654|x86
		{74A2E998-6FC2-4F64-97CF-FDC6CC1AC946}.Debug-ag16654|x86.Build.0 = Debug-ag16654|x86
		{74A2E998-6FC2-4F64-97CF-FDC6CC1AC946}.Debug-as18918|Any CPU.ActiveCfg = Debug-ag16654|Any CPU
		{74A2E998-6FC2-4F64-97CF-FDC6CC1AC946}.Debug-as18918|Any CPU.Build.0 = Debug-ag16654|Any CPU
		{74A2E998-6FC2-4F64-97CF-FDC6CC1AC946}.Debug-as18918|x64.ActiveCfg = Debug-ag16654|x64
		{74A2E998-6FC2-4F64-97CF-FDC6CC1AC946}.Debug-as18918|x64.Build.0 = Debug-ag16654|x64
		{74A2E998-6FC2-4F64-97CF-FDC6CC1AC946}.Debug-as18918|x86.ActiveCfg = Debug-ag16654|x86
		{74A2E998-6FC2-4F64-97CF-FDC6CC1AC946}.Debug-as18918|x86.Build.0 = Debug-ag16654|x86
		{74A2E998-6FC2-4F64-97CF-FDC6CC1AC946}.Debug-gj17809|Any CPU.ActiveCfg = Debug-vv6847|Any CPU
		{74A2E998-6FC2-4F64-97CF-FDC6CC1AC946}.Debug-gj17809|Any CPU.Build.0 = Debug-vv6847|Any CPU
		{74A2E998-6FC2-4F64-97CF-FDC6CC1AC946}.Debug-gj17809|x64.ActiveCfg = Debug-vv6847|x64
		{74A2E998-6FC2-4F64-97CF-FDC6CC1AC946}.Debug-gj17809|x64.Build.0 = Debug-vv6847|x64
		{74A2E998-6FC2-4F64-97CF-FDC6CC1AC946}.Debug-gj17809|x86.ActiveCfg = Debug-vv6847|x86
		{74A2E998-6FC2-4F64-97CF-FDC6CC1AC946}.Debug-gj17809|x86.Build.0 = Debug-vv6847|x86
		{74A2E998-6FC2-4F64-97CF-FDC6CC1AC946}.Debug-kk21607|Any CPU.ActiveCfg = Debug-vv6847|Any CPU
		{74A2E998-6FC2-4F64-97CF-FDC6CC1AC946}.Debug-kk21607|Any CPU.Build.0 = Debug-vv6847|Any CPU
		{74A2E998-6FC2-4F64-97CF-FDC6CC1AC946}.Debug-kk21607|x64.ActiveCfg = Debug-vv6847|x64
		{74A2E998-6FC2-4F64-97CF-FDC6CC1AC946}.Debug-kk21607|x64.Build.0 = Debug-vv6847|x64
		{74A2E998-6FC2-4F64-97CF-FDC6CC1AC946}.Debug-kk21607|x86.ActiveCfg = Debug-vv6847|x86
		{74A2E998-6FC2-4F64-97CF-FDC6CC1AC946}.Debug-kk21607|x86.Build.0 = Debug-vv6847|x86
		{74A2E998-6FC2-4F64-97CF-FDC6CC1AC946}.Debug-mg6929|Any CPU.ActiveCfg = Debug-vv6847|Any CPU
		{74A2E998-6FC2-4F64-97CF-FDC6CC1AC946}.Debug-mg6929|Any CPU.Build.0 = Debug-vv6847|Any CPU
		{74A2E998-6FC2-4F64-97CF-FDC6CC1AC946}.Debug-mg6929|x64.ActiveCfg = Debug-vv6847|x64
		{74A2E998-6FC2-4F64-97CF-FDC6CC1AC946}.Debug-mg6929|x64.Build.0 = Debug-vv6847|x64
		{74A2E998-6FC2-4F64-97CF-FDC6CC1AC946}.Debug-mg6929|x86.ActiveCfg = Debug-vv6847|x86
		{74A2E998-6FC2-4F64-97CF-FDC6CC1AC946}.Debug-mg6929|x86.Build.0 = Debug-vv6847|x86
		{74A2E998-6FC2-4F64-97CF-FDC6CC1AC946}.Debug-nj11574|Any CPU.ActiveCfg = Debug-vv6847|Any CPU
		{74A2E998-6FC2-4F64-97CF-FDC6CC1AC946}.Debug-nj11574|Any CPU.Build.0 = Debug-vv6847|Any CPU
		{74A2E998-6FC2-4F64-97CF-FDC6CC1AC946}.Debug-nj11574|x64.ActiveCfg = Debug-vv6847|x64
		{74A2E998-6FC2-4F64-97CF-FDC6CC1AC946}.Debug-nj11574|x64.Build.0 = Debug-vv6847|x64
		{74A2E998-6FC2-4F64-97CF-FDC6CC1AC946}.Debug-nj11574|x86.ActiveCfg = Debug-vv6847|x86
		{74A2E998-6FC2-4F64-97CF-FDC6CC1AC946}.Debug-nj11574|x86.Build.0 = Debug-vv6847|x86
		{74A2E998-6FC2-4F64-97CF-FDC6CC1AC946}.Debug-nk18542|Any CPU.ActiveCfg = Debug-vv6847|Any CPU
		{74A2E998-6FC2-4F64-97CF-FDC6CC1AC946}.Debug-nk18542|Any CPU.Build.0 = Debug-vv6847|Any CPU
		{74A2E998-6FC2-4F64-97CF-FDC6CC1AC946}.Debug-nk18542|x64.ActiveCfg = Debug-vv6847|x64
		{74A2E998-6FC2-4F64-97CF-FDC6CC1AC946}.Debug-nk18542|x64.Build.0 = Debug-vv6847|x64
		{74A2E998-6FC2-4F64-97CF-FDC6CC1AC946}.Debug-nk18542|x86.ActiveCfg = Debug-vv6847|x86
		{74A2E998-6FC2-4F64-97CF-FDC6CC1AC946}.Debug-nk18542|x86.Build.0 = Debug-vv6847|x86
		{74A2E998-6FC2-4F64-97CF-FDC6CC1AC946}.Debug-pd18269|Any CPU.ActiveCfg = Debug-vv6847|Any CPU
		{74A2E998-6FC2-4F64-97CF-FDC6CC1AC946}.Debug-pd18269|Any CPU.Build.0 = Debug-vv6847|Any CPU
		{74A2E998-6FC2-4F64-97CF-FDC6CC1AC946}.Debug-pd18269|x64.ActiveCfg = Debug-vv6847|x64
		{74A2E998-6FC2-4F64-97CF-FDC6CC1AC946}.Debug-pd18269|x64.Build.0 = Debug-vv6847|x64
		{74A2E998-6FC2-4F64-97CF-FDC6CC1AC946}.Debug-pd18269|x86.ActiveCfg = Debug-vv6847|x86
		{74A2E998-6FC2-4F64-97CF-FDC6CC1AC946}.Debug-pd18269|x86.Build.0 = Debug-vv6847|x86
		{74A2E998-6FC2-4F64-97CF-FDC6CC1AC946}.Debug-tk16042|Any CPU.ActiveCfg = Debug-vv6847|Any CPU
		{74A2E998-6FC2-4F64-97CF-FDC6CC1AC946}.Debug-tk16042|Any CPU.Build.0 = Debug-vv6847|Any CPU
		{74A2E998-6FC2-4F64-97CF-FDC6CC1AC946}.Debug-tk16042|x64.ActiveCfg = Debug-vv6847|x64
		{74A2E998-6FC2-4F64-97CF-FDC6CC1AC946}.Debug-tk16042|x64.Build.0 = Debug-vv6847|x64
		{74A2E998-6FC2-4F64-97CF-FDC6CC1AC946}.Debug-tk16042|x86.ActiveCfg = Debug-vv6847|x86
		{74A2E998-6FC2-4F64-97CF-FDC6CC1AC946}.Debug-tk16042|x86.Build.0 = Debug-vv6847|x86
		{74A2E998-6FC2-4F64-97CF-FDC6CC1AC946}.Debug-vv6847|Any CPU.ActiveCfg = Debug-vv6847|Any CPU
		{74A2E998-6FC2-4F64-97CF-FDC6CC1AC946}.Debug-vv6847|Any CPU.Build.0 = Debug-vv6847|Any CPU
		{74A2E998-6FC2-4F64-97CF-FDC6CC1AC946}.Debug-vv6847|x64.ActiveCfg = Debug-vv6847|x64
		{74A2E998-6FC2-4F64-97CF-FDC6CC1AC946}.Debug-vv6847|x64.Build.0 = Debug-vv6847|x64
		{74A2E998-6FC2-4F64-97CF-FDC6CC1AC946}.Debug-vv6847|x86.ActiveCfg = Debug-vv6847|x86
		{74A2E998-6FC2-4F64-97CF-FDC6CC1AC946}.Debug-vv6847|x86.Build.0 = Debug-vv6847|x86
		{74A2E998-6FC2-4F64-97CF-FDC6CC1AC946}.Release|Any CPU.ActiveCfg = Release|Any CPU
		{74A2E998-6FC2-4F64-97CF-FDC6CC1AC946}.Release|Any CPU.Build.0 = Release|Any CPU
		{74A2E998-6FC2-4F64-97CF-FDC6CC1AC946}.Release|x64.ActiveCfg = Release|x64
		{74A2E998-6FC2-4F64-97CF-FDC6CC1AC946}.Release|x64.Build.0 = Release|x64
		{74A2E998-6FC2-4F64-97CF-FDC6CC1AC946}.Release|x86.ActiveCfg = Release|x86
		{74A2E998-6FC2-4F64-97CF-FDC6CC1AC946}.Release|x86.Build.0 = Release|x86
		{3DF6701B-CDC5-4C49-94DF-1D96F9A45DB5}.as-18918|Any CPU.ActiveCfg = Debug|Any CPU
		{3DF6701B-CDC5-4C49-94DF-1D96F9A45DB5}.as-18918|Any CPU.Build.0 = Debug|Any CPU
		{3DF6701B-CDC5-4C49-94DF-1D96F9A45DB5}.as-18918|x64.ActiveCfg = Debug|Any CPU
		{3DF6701B-CDC5-4C49-94DF-1D96F9A45DB5}.as-18918|x64.Build.0 = Debug|Any CPU
		{3DF6701B-CDC5-4C49-94DF-1D96F9A45DB5}.as-18918|x86.ActiveCfg = Debug|Any CPU
		{3DF6701B-CDC5-4C49-94DF-1D96F9A45DB5}.as-18918|x86.Build.0 = Debug|Any CPU
		{3DF6701B-CDC5-4C49-94DF-1D96F9A45DB5}.Debug|Any CPU.ActiveCfg = Debug|Any CPU
		{3DF6701B-CDC5-4C49-94DF-1D96F9A45DB5}.Debug|Any CPU.Build.0 = Debug|Any CPU
		{3DF6701B-CDC5-4C49-94DF-1D96F9A45DB5}.Debug|x64.ActiveCfg = Debug|Any CPU
		{3DF6701B-CDC5-4C49-94DF-1D96F9A45DB5}.Debug|x64.Build.0 = Debug|Any CPU
		{3DF6701B-CDC5-4C49-94DF-1D96F9A45DB5}.Debug|x86.ActiveCfg = Debug|Any CPU
		{3DF6701B-CDC5-4C49-94DF-1D96F9A45DB5}.Debug|x86.Build.0 = Debug|Any CPU
		{3DF6701B-CDC5-4C49-94DF-1D96F9A45DB5}.Debug-ab16191|Any CPU.ActiveCfg = Debug|Any CPU
		{3DF6701B-CDC5-4C49-94DF-1D96F9A45DB5}.Debug-ab16191|Any CPU.Build.0 = Debug|Any CPU
		{3DF6701B-CDC5-4C49-94DF-1D96F9A45DB5}.Debug-ab16191|x64.ActiveCfg = Debug|Any CPU
		{3DF6701B-CDC5-4C49-94DF-1D96F9A45DB5}.Debug-ab16191|x64.Build.0 = Debug|Any CPU
		{3DF6701B-CDC5-4C49-94DF-1D96F9A45DB5}.Debug-ab16191|x86.ActiveCfg = Debug|Any CPU
		{3DF6701B-CDC5-4C49-94DF-1D96F9A45DB5}.Debug-ab16191|x86.Build.0 = Debug|Any CPU
		{3DF6701B-CDC5-4C49-94DF-1D96F9A45DB5}.Debug-ag16654|Any CPU.ActiveCfg = Debug|Any CPU
		{3DF6701B-CDC5-4C49-94DF-1D96F9A45DB5}.Debug-ag16654|Any CPU.Build.0 = Debug|Any CPU
		{3DF6701B-CDC5-4C49-94DF-1D96F9A45DB5}.Debug-ag16654|x64.ActiveCfg = Debug|Any CPU
		{3DF6701B-CDC5-4C49-94DF-1D96F9A45DB5}.Debug-ag16654|x64.Build.0 = Debug|Any CPU
		{3DF6701B-CDC5-4C49-94DF-1D96F9A45DB5}.Debug-ag16654|x86.ActiveCfg = Debug|Any CPU
		{3DF6701B-CDC5-4C49-94DF-1D96F9A45DB5}.Debug-ag16654|x86.Build.0 = Debug|Any CPU
		{3DF6701B-CDC5-4C49-94DF-1D96F9A45DB5}.Debug-as18918|Any CPU.ActiveCfg = Debug|Any CPU
		{3DF6701B-CDC5-4C49-94DF-1D96F9A45DB5}.Debug-as18918|Any CPU.Build.0 = Debug|Any CPU
		{3DF6701B-CDC5-4C49-94DF-1D96F9A45DB5}.Debug-as18918|x64.ActiveCfg = Debug|Any CPU
		{3DF6701B-CDC5-4C49-94DF-1D96F9A45DB5}.Debug-as18918|x64.Build.0 = Debug|Any CPU
		{3DF6701B-CDC5-4C49-94DF-1D96F9A45DB5}.Debug-as18918|x86.ActiveCfg = Debug|Any CPU
		{3DF6701B-CDC5-4C49-94DF-1D96F9A45DB5}.Debug-as18918|x86.Build.0 = Debug|Any CPU
		{3DF6701B-CDC5-4C49-94DF-1D96F9A45DB5}.Debug-gj17809|Any CPU.ActiveCfg = Debug|Any CPU
		{3DF6701B-CDC5-4C49-94DF-1D96F9A45DB5}.Debug-gj17809|Any CPU.Build.0 = Debug|Any CPU
		{3DF6701B-CDC5-4C49-94DF-1D96F9A45DB5}.Debug-gj17809|x64.ActiveCfg = Debug|Any CPU
		{3DF6701B-CDC5-4C49-94DF-1D96F9A45DB5}.Debug-gj17809|x64.Build.0 = Debug|Any CPU
		{3DF6701B-CDC5-4C49-94DF-1D96F9A45DB5}.Debug-gj17809|x86.ActiveCfg = Debug|Any CPU
		{3DF6701B-CDC5-4C49-94DF-1D96F9A45DB5}.Debug-gj17809|x86.Build.0 = Debug|Any CPU
		{3DF6701B-CDC5-4C49-94DF-1D96F9A45DB5}.Debug-kk21607|Any CPU.ActiveCfg = Debug|Any CPU
		{3DF6701B-CDC5-4C49-94DF-1D96F9A45DB5}.Debug-kk21607|Any CPU.Build.0 = Debug|Any CPU
		{3DF6701B-CDC5-4C49-94DF-1D96F9A45DB5}.Debug-kk21607|x64.ActiveCfg = Debug|Any CPU
		{3DF6701B-CDC5-4C49-94DF-1D96F9A45DB5}.Debug-kk21607|x64.Build.0 = Debug|Any CPU
		{3DF6701B-CDC5-4C49-94DF-1D96F9A45DB5}.Debug-kk21607|x86.ActiveCfg = Debug|Any CPU
		{3DF6701B-CDC5-4C49-94DF-1D96F9A45DB5}.Debug-kk21607|x86.Build.0 = Debug|Any CPU
		{3DF6701B-CDC5-4C49-94DF-1D96F9A45DB5}.Debug-mg6929|Any CPU.ActiveCfg = Debug|Any CPU
		{3DF6701B-CDC5-4C49-94DF-1D96F9A45DB5}.Debug-mg6929|Any CPU.Build.0 = Debug|Any CPU
		{3DF6701B-CDC5-4C49-94DF-1D96F9A45DB5}.Debug-mg6929|x64.ActiveCfg = Debug|Any CPU
		{3DF6701B-CDC5-4C49-94DF-1D96F9A45DB5}.Debug-mg6929|x64.Build.0 = Debug|Any CPU
		{3DF6701B-CDC5-4C49-94DF-1D96F9A45DB5}.Debug-mg6929|x86.ActiveCfg = Debug|Any CPU
		{3DF6701B-CDC5-4C49-94DF-1D96F9A45DB5}.Debug-mg6929|x86.Build.0 = Debug|Any CPU
		{3DF6701B-CDC5-4C49-94DF-1D96F9A45DB5}.Debug-nj11574|Any CPU.ActiveCfg = Debug|Any CPU
		{3DF6701B-CDC5-4C49-94DF-1D96F9A45DB5}.Debug-nj11574|Any CPU.Build.0 = Debug|Any CPU
		{3DF6701B-CDC5-4C49-94DF-1D96F9A45DB5}.Debug-nj11574|x64.ActiveCfg = Debug|Any CPU
		{3DF6701B-CDC5-4C49-94DF-1D96F9A45DB5}.Debug-nj11574|x64.Build.0 = Debug|Any CPU
		{3DF6701B-CDC5-4C49-94DF-1D96F9A45DB5}.Debug-nj11574|x86.ActiveCfg = Debug|Any CPU
		{3DF6701B-CDC5-4C49-94DF-1D96F9A45DB5}.Debug-nj11574|x86.Build.0 = Debug|Any CPU
		{3DF6701B-CDC5-4C49-94DF-1D96F9A45DB5}.Debug-nk18542|Any CPU.ActiveCfg = Debug|Any CPU
		{3DF6701B-CDC5-4C49-94DF-1D96F9A45DB5}.Debug-nk18542|Any CPU.Build.0 = Debug|Any CPU
		{3DF6701B-CDC5-4C49-94DF-1D96F9A45DB5}.Debug-nk18542|x64.ActiveCfg = Debug|Any CPU
		{3DF6701B-CDC5-4C49-94DF-1D96F9A45DB5}.Debug-nk18542|x64.Build.0 = Debug|Any CPU
		{3DF6701B-CDC5-4C49-94DF-1D96F9A45DB5}.Debug-nk18542|x86.ActiveCfg = Debug|Any CPU
		{3DF6701B-CDC5-4C49-94DF-1D96F9A45DB5}.Debug-nk18542|x86.Build.0 = Debug|Any CPU
		{3DF6701B-CDC5-4C49-94DF-1D96F9A45DB5}.Debug-pd18269|Any CPU.ActiveCfg = Debug|Any CPU
		{3DF6701B-CDC5-4C49-94DF-1D96F9A45DB5}.Debug-pd18269|Any CPU.Build.0 = Debug|Any CPU
		{3DF6701B-CDC5-4C49-94DF-1D96F9A45DB5}.Debug-pd18269|x64.ActiveCfg = Debug|Any CPU
		{3DF6701B-CDC5-4C49-94DF-1D96F9A45DB5}.Debug-pd18269|x64.Build.0 = Debug|Any CPU
		{3DF6701B-CDC5-4C49-94DF-1D96F9A45DB5}.Debug-pd18269|x86.ActiveCfg = Debug|Any CPU
		{3DF6701B-CDC5-4C49-94DF-1D96F9A45DB5}.Debug-pd18269|x86.Build.0 = Debug|Any CPU
		{3DF6701B-CDC5-4C49-94DF-1D96F9A45DB5}.Debug-tk16042|Any CPU.ActiveCfg = Debug|Any CPU
		{3DF6701B-CDC5-4C49-94DF-1D96F9A45DB5}.Debug-tk16042|Any CPU.Build.0 = Debug|Any CPU
		{3DF6701B-CDC5-4C49-94DF-1D96F9A45DB5}.Debug-tk16042|x64.ActiveCfg = Debug|Any CPU
		{3DF6701B-CDC5-4C49-94DF-1D96F9A45DB5}.Debug-tk16042|x64.Build.0 = Debug|Any CPU
		{3DF6701B-CDC5-4C49-94DF-1D96F9A45DB5}.Debug-tk16042|x86.ActiveCfg = Debug|Any CPU
		{3DF6701B-CDC5-4C49-94DF-1D96F9A45DB5}.Debug-tk16042|x86.Build.0 = Debug|Any CPU
		{3DF6701B-CDC5-4C49-94DF-1D96F9A45DB5}.Debug-vv6847|Any CPU.ActiveCfg = Debug|Any CPU
		{3DF6701B-CDC5-4C49-94DF-1D96F9A45DB5}.Debug-vv6847|Any CPU.Build.0 = Debug|Any CPU
		{3DF6701B-CDC5-4C49-94DF-1D96F9A45DB5}.Debug-vv6847|x64.ActiveCfg = Debug|Any CPU
		{3DF6701B-CDC5-4C49-94DF-1D96F9A45DB5}.Debug-vv6847|x64.Build.0 = Debug|Any CPU
		{3DF6701B-CDC5-4C49-94DF-1D96F9A45DB5}.Debug-vv6847|x86.ActiveCfg = Debug|Any CPU
		{3DF6701B-CDC5-4C49-94DF-1D96F9A45DB5}.Debug-vv6847|x86.Build.0 = Debug|Any CPU
		{3DF6701B-CDC5-4C49-94DF-1D96F9A45DB5}.Release|Any CPU.ActiveCfg = Release|Any CPU
		{3DF6701B-CDC5-4C49-94DF-1D96F9A45DB5}.Release|Any CPU.Build.0 = Release|Any CPU
		{3DF6701B-CDC5-4C49-94DF-1D96F9A45DB5}.Release|x64.ActiveCfg = Release|Any CPU
		{3DF6701B-CDC5-4C49-94DF-1D96F9A45DB5}.Release|x64.Build.0 = Release|Any CPU
		{3DF6701B-CDC5-4C49-94DF-1D96F9A45DB5}.Release|x86.ActiveCfg = Release|Any CPU
		{3DF6701B-CDC5-4C49-94DF-1D96F9A45DB5}.Release|x86.Build.0 = Release|Any CPU
	EndGlobalSection
	GlobalSection(SolutionProperties) = preSolution
		HideSolutionNode = FALSE
	EndGlobalSection
	GlobalSection(NestedProjects) = preSolution
		{3DF6701B-CDC5-4C49-94DF-1D96F9A45DB5} = {6D0A96CB-C506-4E51-A186-35EC13CB9D29}
	EndGlobalSection
	GlobalSection(ExtensibilityGlobals) = postSolution
		SolutionGuid = {5A74B9EE-20DC-4A80-BC5E-309BF916C08A}
	EndGlobalSection
EndGlobal
